
Microsoft Visual Studio Solution File, Format Version 12.00
# Visual Studio Version 17
VisualStudioVersion = 17.7.34202.233
MinimumVisualStudioVersion = 10.0.40219.1
Project("{FAE04EC0-301F-11D3-BF4B-00C04F79EFBC}") = "Ora OOP", "Ora OOP.csproj", "{34028F02-0CF7-4116-8156-5A3D35FF3059}"
EndProject
Global
	GlobalSection(SolutionConfigurationPlatforms) = preSolution
		Debug|Any CPU = Debug|Any CPU
		Release|Any CPU = Release|Any CPU
	EndGlobalSection
	GlobalSection(ProjectConfigurationPlatforms) = postSolution
		{34028F02-0CF7-4116-8156-5A3D35FF3059}.Debug|Any CPU.ActiveCfg = Debug|Any CPU
		{34028F02-0CF7-4116-8156-5A3D35FF3059}.Debug|Any CPU.Build.0 = Debug|Any CPU
		{34028F02-0CF7-4116-8156-5A3D35FF3059}.Release|Any CPU.ActiveCfg = Release|Any CPU
		{34028F02-0CF7-4116-8156-5A3D35FF3059}.Release|Any CPU.Build.0 = Release|Any CPU
	EndGlobalSection
	GlobalSection(SolutionProperties) = preSolution
		HideSolutionNode = FALSE
	EndGlobalSection
	GlobalSection(ExtensibilityGlobals) = postSolution
		SolutionGuid = {BAA629E5-1709-446A-837B-109901E614E7}
	EndGlobalSection
EndGlobal
